
Microsoft Visual Studio Solution File, Format Version 12.00
# Visual Studio Version 17
VisualStudioVersion = 17.0.31903.59
MinimumVisualStudioVersion = 10.0.40219.1
Project("{2150E333-8FDC-42A3-9474-1A3956D46DE8}") = "solution-items", "solution-items", "{56233862-B2F1-4468-8ACE-AD80DD3D76E5}"
	ProjectSection(SolutionItems) = preProject
		src\Directory.Build.props = src\Directory.Build.props
		src\version.props = src\version.props
		src\common.props = src\common.props
		src\common-tests.props = src\common-tests.props
	EndProjectSection
EndProject
Project("{2150E333-8FDC-42A3-9474-1A3956D46DE8}") = "style-cop", "style-cop", "{92C340B8-3F6B-40D9-9056-D9F2F5EADA5D}"
	ProjectSection(SolutionItems) = preProject
		src\StyleCop.ruleset = src\StyleCop.ruleset
		src\StyleCop-Tests.ruleset = src\StyleCop-Tests.ruleset
	EndProjectSection
EndProject
Project("{FAE04EC0-301F-11D3-BF4B-00C04F79EFBC}") = "PPWCode.Util.Authorisation.I", "src\PPWCode.Util.Authorisation.I\PPWCode.Util.Authorisation.I.csproj", "{F59CA0C3-0E5B-424E-BB14-3A4D11A25F4E}"
EndProject
Project("{FAE04EC0-301F-11D3-BF4B-00C04F79EFBC}") = "PPWCode.Util.Authorisation.I.Tests", "src\PPWCode.Util.Authorisation.I.Tests\PPWCode.Util.Authorisation.I.Tests.csproj", "{84EF450F-4BB0-4096-9738-90ACAB8C4B06}"
EndProject
Global
	GlobalSection(SolutionConfigurationPlatforms) = preSolution
		Debug|Any CPU = Debug|Any CPU
		Release|Any CPU = Release|Any CPU
	EndGlobalSection
	GlobalSection(SolutionProperties) = preSolution
		HideSolutionNode = FALSE
	EndGlobalSection
	GlobalSection(ProjectConfigurationPlatforms) = postSolution
		{F59CA0C3-0E5B-424E-BB14-3A4D11A25F4E}.Debug|Any CPU.ActiveCfg = Debug|Any CPU
		{F59CA0C3-0E5B-424E-BB14-3A4D11A25F4E}.Debug|Any CPU.Build.0 = Debug|Any CPU
		{F59CA0C3-0E5B-424E-BB14-3A4D11A25F4E}.Release|Any CPU.ActiveCfg = Release|Any CPU
		{F59CA0C3-0E5B-424E-BB14-3A4D11A25F4E}.Release|Any CPU.Build.0 = Release|Any CPU
		{84EF450F-4BB0-4096-9738-90ACAB8C4B06}.Debug|Any CPU.ActiveCfg = Debug|Any CPU
		{84EF450F-4BB0-4096-9738-90ACAB8C4B06}.Debug|Any CPU.Build.0 = Debug|Any CPU
		{84EF450F-4BB0-4096-9738-90ACAB8C4B06}.Release|Any CPU.ActiveCfg = Release|Any CPU
		{84EF450F-4BB0-4096-9738-90ACAB8C4B06}.Release|Any CPU.Build.0 = Release|Any CPU
	EndGlobalSection
EndGlobal
