
Microsoft Visual Studio Solution File, Format Version 12.00
# Visual Studio Version 17
VisualStudioVersion = 17.0.31903.59
MinimumVisualStudioVersion = 10.0.40219.1
Project("{2150E333-8FDC-42A3-9474-1A3956D46DE8}") = "solution-items", "solution-items", "{56233862-B2F1-4468-8ACE-AD80DD3D76E5}"
	ProjectSection(SolutionItems) = preProject
		src\Directory.Build.props = src\Directory.Build.props
		src\version.props = src\version.props
		src\common.props = src\common.props
	EndProjectSection
EndProject
Project("{2150E333-8FDC-42A3-9474-1A3956D46DE8}") = "style-cop", "style-cop", "{92C340B8-3F6B-40D9-9056-D9F2F5EADA5D}"
	ProjectSection(SolutionItems) = preProject
		src\StyleCop.ruleset = src\StyleCop.ruleset
		src\StyleCop-Tests.ruleset = src\StyleCop-Tests.ruleset
	EndProjectSection
EndProject
Project("{FAE04EC0-301F-11D3-BF4B-00C04F79EFBC}") = "PPWCode.Vernacular.Semantics.V", "src\PPWCode.Vernacular.Semantics.V\PPWCode.Vernacular.Semantics.V.csproj", "{359AF2EE-BB95-4A41-A078-15B75A3187A2}"
EndProject
Project("{FAE04EC0-301F-11D3-BF4B-00C04F79EFBC}") = "PPWCode.Vernacular.Exceptions.V", "src\PPWCode.Vernacular.Exceptions.V\PPWCode.Vernacular.Exceptions.V.csproj", "{5D8E0CFE-90B4-4003-AD04-D9888F998A9E}"
EndProject
Project("{FAE04EC0-301F-11D3-BF4B-00C04F79EFBC}") = "PPWCode.Vernacular.Persistence.V", "src\PPWCode.Vernacular.Persistence.V\PPWCode.Vernacular.Persistence.V.csproj", "{BAB0A4FD-EB48-4C17-AB39-7A265C19422A}"
EndProject
Project("{FAE04EC0-301F-11D3-BF4B-00C04F79EFBC}") = "PPWCode.Vernacular.Exceptions.V.Tests", "src\PPWCode.Vernacular.Exceptions.V.Tests\PPWCode.Vernacular.Exceptions.V.Tests.csproj", "{2C75C0E4-948A-45B3-81AC-C3D78B30A4DA}"
EndProject
Project("{FAE04EC0-301F-11D3-BF4B-00C04F79EFBC}") = "PPWCode.Vernacular.Persistence.V.Tests", "src\PPWCode.Vernacular.Persistence.V.Tests\PPWCode.Vernacular.Persistence.V.Tests.csproj", "{B62BF73E-89EC-469C-953B-7903D8F93C4B}"
EndProject
Project("{FAE04EC0-301F-11D3-BF4B-00C04F79EFBC}") = "PPWCode.Vernacular.Semantics.V.Tests", "src\PPWCode.Vernacular.Semantics.V.Tests\PPWCode.Vernacular.Semantics.V.Tests.csproj", "{3D91AEAA-FEDA-4AD7-910C-FC694DB718DB}"
EndProject
Project("{FAE04EC0-301F-11D3-BF4B-00C04F79EFBC}") = "PPWCode.Util.Validation.IV", "src\PPWCode.Util.Validation.IV\PPWCode.Util.Validation.IV.csproj", "{01EAA1C5-DFB4-44BD-9F40-F799CF788943}"
EndProject
Project("{FAE04EC0-301F-11D3-BF4B-00C04F79EFBC}") = "PPWCode.Util.Validation.IV.Tests", "src\PPWCode.Util.Validation.IV.Tests\PPWCode.Util.Validation.IV.Tests.csproj", "{3F3A8C4B-6E84-44B9-81D4-5DFE027CFE78}"
EndProject
Project("{FAE04EC0-301F-11D3-BF4B-00C04F79EFBC}") = "PPWCode.Vernacular.EntityFrameworkCore.I", "src\PPWCode.Vernacular.EntityFrameworkCore.I\PPWCode.Vernacular.EntityFrameworkCore.I.csproj", "{D60058E5-D0C8-4011-9555-F564C3D0E31B}"
EndProject
Project("{FAE04EC0-301F-11D3-BF4B-00C04F79EFBC}") = "PPWCode.Util.Time.I", "src\PPWCode.Util.Time.I\PPWCode.Util.Time.I.csproj", "{D281E08D-A324-4E23-8CD0-C36D648BE106}"
EndProject
Project("{FAE04EC0-301F-11D3-BF4B-00C04F79EFBC}") = "PPWCode.Util.Authorisation.I", "src\PPWCode.Util.Authorisation.I\PPWCode.Util.Authorisation.I.csproj", "{F59CA0C3-0E5B-424E-BB14-3A4D11A25F4E}"
EndProject
Project("{FAE04EC0-301F-11D3-BF4B-00C04F79EFBC}") = "PPWCode.Util.Time.I.Tests", "src\PPWCode.Util.Time.I.Tests\PPWCode.Util.Time.I.Tests.csproj", "{A4D88181-832D-4ED1-B538-07F0C42BADDD}"
EndProject
Global
	GlobalSection(SolutionConfigurationPlatforms) = preSolution
		Debug|Any CPU = Debug|Any CPU
		Release|Any CPU = Release|Any CPU
	EndGlobalSection
	GlobalSection(SolutionProperties) = preSolution
		HideSolutionNode = FALSE
	EndGlobalSection
	GlobalSection(ProjectConfigurationPlatforms) = postSolution
		{359AF2EE-BB95-4A41-A078-15B75A3187A2}.Debug|Any CPU.ActiveCfg = Debug|Any CPU
		{359AF2EE-BB95-4A41-A078-15B75A3187A2}.Debug|Any CPU.Build.0 = Debug|Any CPU
		{359AF2EE-BB95-4A41-A078-15B75A3187A2}.Release|Any CPU.ActiveCfg = Release|Any CPU
		{359AF2EE-BB95-4A41-A078-15B75A3187A2}.Release|Any CPU.Build.0 = Release|Any CPU
		{5D8E0CFE-90B4-4003-AD04-D9888F998A9E}.Debug|Any CPU.ActiveCfg = Debug|Any CPU
		{5D8E0CFE-90B4-4003-AD04-D9888F998A9E}.Debug|Any CPU.Build.0 = Debug|Any CPU
		{5D8E0CFE-90B4-4003-AD04-D9888F998A9E}.Release|Any CPU.ActiveCfg = Release|Any CPU
		{5D8E0CFE-90B4-4003-AD04-D9888F998A9E}.Release|Any CPU.Build.0 = Release|Any CPU
		{BAB0A4FD-EB48-4C17-AB39-7A265C19422A}.Debug|Any CPU.ActiveCfg = Debug|Any CPU
		{BAB0A4FD-EB48-4C17-AB39-7A265C19422A}.Debug|Any CPU.Build.0 = Debug|Any CPU
		{BAB0A4FD-EB48-4C17-AB39-7A265C19422A}.Release|Any CPU.ActiveCfg = Release|Any CPU
		{BAB0A4FD-EB48-4C17-AB39-7A265C19422A}.Release|Any CPU.Build.0 = Release|Any CPU
		{2C75C0E4-948A-45B3-81AC-C3D78B30A4DA}.Debug|Any CPU.ActiveCfg = Debug|Any CPU
		{2C75C0E4-948A-45B3-81AC-C3D78B30A4DA}.Debug|Any CPU.Build.0 = Debug|Any CPU
		{2C75C0E4-948A-45B3-81AC-C3D78B30A4DA}.Release|Any CPU.ActiveCfg = Release|Any CPU
		{2C75C0E4-948A-45B3-81AC-C3D78B30A4DA}.Release|Any CPU.Build.0 = Release|Any CPU
		{B62BF73E-89EC-469C-953B-7903D8F93C4B}.Debug|Any CPU.ActiveCfg = Debug|Any CPU
		{B62BF73E-89EC-469C-953B-7903D8F93C4B}.Debug|Any CPU.Build.0 = Debug|Any CPU
		{B62BF73E-89EC-469C-953B-7903D8F93C4B}.Release|Any CPU.ActiveCfg = Release|Any CPU
		{B62BF73E-89EC-469C-953B-7903D8F93C4B}.Release|Any CPU.Build.0 = Release|Any CPU
		{3D91AEAA-FEDA-4AD7-910C-FC694DB718DB}.Debug|Any CPU.ActiveCfg = Debug|Any CPU
		{3D91AEAA-FEDA-4AD7-910C-FC694DB718DB}.Debug|Any CPU.Build.0 = Debug|Any CPU
		{3D91AEAA-FEDA-4AD7-910C-FC694DB718DB}.Release|Any CPU.ActiveCfg = Release|Any CPU
		{3D91AEAA-FEDA-4AD7-910C-FC694DB718DB}.Release|Any CPU.Build.0 = Release|Any CPU
		{01EAA1C5-DFB4-44BD-9F40-F799CF788943}.Debug|Any CPU.ActiveCfg = Debug|Any CPU
		{01EAA1C5-DFB4-44BD-9F40-F799CF788943}.Debug|Any CPU.Build.0 = Debug|Any CPU
		{01EAA1C5-DFB4-44BD-9F40-F799CF788943}.Release|Any CPU.ActiveCfg = Release|Any CPU
		{01EAA1C5-DFB4-44BD-9F40-F799CF788943}.Release|Any CPU.Build.0 = Release|Any CPU
		{3F3A8C4B-6E84-44B9-81D4-5DFE027CFE78}.Debug|Any CPU.ActiveCfg = Debug|Any CPU
		{3F3A8C4B-6E84-44B9-81D4-5DFE027CFE78}.Debug|Any CPU.Build.0 = Debug|Any CPU
		{3F3A8C4B-6E84-44B9-81D4-5DFE027CFE78}.Release|Any CPU.ActiveCfg = Release|Any CPU
		{3F3A8C4B-6E84-44B9-81D4-5DFE027CFE78}.Release|Any CPU.Build.0 = Release|Any CPU
		{D60058E5-D0C8-4011-9555-F564C3D0E31B}.Debug|Any CPU.ActiveCfg = Debug|Any CPU
		{D60058E5-D0C8-4011-9555-F564C3D0E31B}.Debug|Any CPU.Build.0 = Debug|Any CPU
		{D60058E5-D0C8-4011-9555-F564C3D0E31B}.Release|Any CPU.ActiveCfg = Release|Any CPU
		{D60058E5-D0C8-4011-9555-F564C3D0E31B}.Release|Any CPU.Build.0 = Release|Any CPU
		{D281E08D-A324-4E23-8CD0-C36D648BE106}.Debug|Any CPU.ActiveCfg = Debug|Any CPU
		{D281E08D-A324-4E23-8CD0-C36D648BE106}.Debug|Any CPU.Build.0 = Debug|Any CPU
		{D281E08D-A324-4E23-8CD0-C36D648BE106}.Release|Any CPU.ActiveCfg = Release|Any CPU
		{D281E08D-A324-4E23-8CD0-C36D648BE106}.Release|Any CPU.Build.0 = Release|Any CPU
		{F59CA0C3-0E5B-424E-BB14-3A4D11A25F4E}.Debug|Any CPU.ActiveCfg = Debug|Any CPU
		{F59CA0C3-0E5B-424E-BB14-3A4D11A25F4E}.Debug|Any CPU.Build.0 = Debug|Any CPU
		{F59CA0C3-0E5B-424E-BB14-3A4D11A25F4E}.Release|Any CPU.ActiveCfg = Release|Any CPU
		{F59CA0C3-0E5B-424E-BB14-3A4D11A25F4E}.Release|Any CPU.Build.0 = Release|Any CPU
		{A4D88181-832D-4ED1-B538-07F0C42BADDD}.Debug|Any CPU.ActiveCfg = Debug|Any CPU
		{A4D88181-832D-4ED1-B538-07F0C42BADDD}.Debug|Any CPU.Build.0 = Debug|Any CPU
		{A4D88181-832D-4ED1-B538-07F0C42BADDD}.Release|Any CPU.ActiveCfg = Release|Any CPU
		{A4D88181-832D-4ED1-B538-07F0C42BADDD}.Release|Any CPU.Build.0 = Release|Any CPU
	EndGlobalSection
EndGlobal
