
Microsoft Visual Studio Solution File, Format Version 12.00
# Visual Studio Version 17
VisualStudioVersion = 17.0.31903.59
MinimumVisualStudioVersion = 10.0.40219.1
Project("{2150E333-8FDC-42A3-9474-1A3956D46DE8}") = "solution-items", "solution-items", "{56233862-B2F1-4468-8ACE-AD80DD3D76E5}"
	ProjectSection(SolutionItems) = preProject
		src\Directory.Build.props = src\Directory.Build.props
		src\version.props = src\version.props
		src\common.props = src\common.props
		src\common-tests.props = src\common-tests.props
	EndProjectSection
EndProject
Project("{2150E333-8FDC-42A3-9474-1A3956D46DE8}") = "style-cop", "style-cop", "{92C340B8-3F6B-40D9-9056-D9F2F5EADA5D}"
	ProjectSection(SolutionItems) = preProject
		src\StyleCop.ruleset = src\StyleCop.ruleset
		src\StyleCop-Tests.ruleset = src\StyleCop-Tests.ruleset
	EndProjectSection
EndProject
Project("{FAE04EC0-301F-11D3-BF4B-00C04F79EFBC}") = "PPWCode.Vernacular.RequestContext.I", "src\PPWCode.Vernacular.RequestContext.I\PPWCode.Vernacular.RequestContext.I.csproj", "{DCC716A4-3A24-42F0-B692-8857F9D419B1}"
EndProject
Project("{FAE04EC0-301F-11D3-BF4B-00C04F79EFBC}") = "PPWCode.Vernacular.RequestContext.I.Tests", "src\PPWCode.Vernacular.RequestContext.I.Tests\PPWCode.Vernacular.RequestContext.I.Tests.csproj", "{17F200AB-0D31-4354-8C21-A7AC1C957018}"
EndProject
Global
	GlobalSection(SolutionConfigurationPlatforms) = preSolution
		Debug|Any CPU = Debug|Any CPU
		Release|Any CPU = Release|Any CPU
	EndGlobalSection
	GlobalSection(SolutionProperties) = preSolution
		HideSolutionNode = FALSE
	EndGlobalSection
	GlobalSection(ProjectConfigurationPlatforms) = postSolution
		{DCC716A4-3A24-42F0-B692-8857F9D419B1}.Debug|Any CPU.ActiveCfg = Debug|Any CPU
		{DCC716A4-3A24-42F0-B692-8857F9D419B1}.Debug|Any CPU.Build.0 = Debug|Any CPU
		{DCC716A4-3A24-42F0-B692-8857F9D419B1}.Release|Any CPU.ActiveCfg = Release|Any CPU
		{DCC716A4-3A24-42F0-B692-8857F9D419B1}.Release|Any CPU.Build.0 = Release|Any CPU
		{17F200AB-0D31-4354-8C21-A7AC1C957018}.Debug|Any CPU.ActiveCfg = Debug|Any CPU
		{17F200AB-0D31-4354-8C21-A7AC1C957018}.Debug|Any CPU.Build.0 = Debug|Any CPU
		{17F200AB-0D31-4354-8C21-A7AC1C957018}.Release|Any CPU.ActiveCfg = Release|Any CPU
		{17F200AB-0D31-4354-8C21-A7AC1C957018}.Release|Any CPU.Build.0 = Release|Any CPU
	EndGlobalSection
EndGlobal
