{
  "version": 1,
  "dependencies": {
    "net8.0": {
      "Microsoft.AspNetCore.Mvc.Versioning.ApiExplorer": {
        "type": "Direct",
        "requested": "[5.*, )",
        "resolved": "5.1.0",
        "contentHash": "p45pSXCJPbx+p9gFNNQPUC547KpqP5cRJke6aygq/M7UzCrJNmJNqD+65pIpY4muYbINqlgrC47h1oc0WbuP1g==",
        "dependencies": {
          "Microsoft.AspNetCore.Mvc.Versioning": "5.1.0"
        }
      },
      "Microsoft.EntityFrameworkCore": {
        "type": "Direct",
        "requested": "[9.0.*, )",
        "resolved": "9.0.5",
        "contentHash": "TeCtb/vc+jxvgkVAqeJlZKOoG5w/w8AigWQQyOmeJsJ7+0SkONX8bqEV/wB+ojnT0sXuJrrfXQOEC3ws6asEng==",
        "dependencies": {
          "Microsoft.EntityFrameworkCore.Abstractions": "9.0.5",
          "Microsoft.EntityFrameworkCore.Analyzers": "9.0.5",
          "Microsoft.Extensions.Caching.Memory": "9.0.5",
          "Microsoft.Extensions.Logging": "9.0.5"
        }
      },
      "Microsoft.EntityFrameworkCore.Relational": {
        "type": "Direct",
        "requested": "[9.0.*, )",
        "resolved": "9.0.5",
        "contentHash": "6eErbrZFd9yNnncemtDdmHZ3KC792OQCIYITuMsjK2oh4CLzlYo8mzNsozgUzQ+utHnne11/3eV8zMWbYF5Puw==",
        "dependencies": {
          "Microsoft.EntityFrameworkCore": "9.0.5",
          "Microsoft.Extensions.Caching.Memory": "9.0.5",
          "Microsoft.Extensions.Configuration.Abstractions": "9.0.5",
          "Microsoft.Extensions.Logging": "9.0.5"
        }
      },
      "PPWCode.Vernacular.Contracts.I": {
        "type": "Direct",
        "requested": "[1.*, )",
        "resolved": "1.2.0",
        "contentHash": "lSc82pJXbsXuqPt/5YsHdS6gdHtcnhryWKvFC+2YIs+6ILH5lkuavrBLVWGDYVALmaDTba96T3YlylZaYhnzIw==",
        "dependencies": {
          "PPWCode.Vernacular.Exceptions.IV": "1.2.0"
        }
      },
      "StyleCop.Analyzers": {
        "type": "Direct",
        "requested": "[1.1.118, )",
        "resolved": "1.1.118",
        "contentHash": "Onx6ovGSqXSK07n/0eM3ZusiNdB6cIlJdabQhWGgJp3Vooy9AaLS/tigeybOJAobqbtggTamoWndz72JscZBvw=="
      },
      "Swashbuckle.AspNetCore": {
        "type": "Direct",
        "requested": "[7.*, )",
        "resolved": "7.3.2",
        "contentHash": "WEkW7Cl8bexT75eURuqrqM/TQx+ftWKOWlCHzmw3Fl3oAmxiBO/lDVOuuqZsaBCHQIBcZxA6BbyiG5dv2mD2tw==",
        "dependencies": {
          "Microsoft.Extensions.ApiDescription.Server": "6.0.5",
          "Swashbuckle.AspNetCore.Swagger": "7.3.2",
          "Swashbuckle.AspNetCore.SwaggerGen": "7.3.2",
          "Swashbuckle.AspNetCore.SwaggerUI": "7.3.2"
        }
      },
      "Swashbuckle.AspNetCore.Annotations": {
        "type": "Direct",
        "requested": "[7.*, )",
        "resolved": "7.3.2",
        "contentHash": "JaGYVVuiHzv3WWanFh/Fzx8ZYOtayNAhso5rwmHdxVYxn3AYJLYdijIBvQaEt4MIcsN0I1zXZfC/YKh47y3ocQ==",
        "dependencies": {
          "Swashbuckle.AspNetCore.SwaggerGen": "7.3.2"
        }
      },
      "Microsoft.AspNetCore.Mvc.Versioning": {
        "type": "Transitive",
        "resolved": "5.1.0",
        "contentHash": "UX8w9BlCiZpr6Ox4YAve1w0CkI1CAovukGNzKd7v0+5pZc8lzuG5tRovucr1RWIKHs0E/Yx8563CN7KzaB3bpw=="
      },
      "Microsoft.EntityFrameworkCore.Abstractions": {
        "type": "Transitive",
        "resolved": "9.0.5",
        "contentHash": "81fGyIibhGc4rq4ZxmVZE/1CFSvGMQOZqdRyCBLKz/Hb8eE973dmSfcdXpXhQ/5f+nbax4VGkWhwPGxWUNWaCQ=="
      },
      "Microsoft.EntityFrameworkCore.Analyzers": {
        "type": "Transitive",
        "resolved": "9.0.5",
        "contentHash": "kWRrD69qCXo7lahPZPt7C127UfK0I024laFZEDMfT3JbALB1EWneFvq1utWM0cNKPFuYis1E1oaYTuRGI/9inQ=="
      },
      "Microsoft.Extensions.ApiDescription.Server": {
        "type": "Transitive",
        "resolved": "6.0.5",
        "contentHash": "Ckb5EDBUNJdFWyajfXzUIMRkhf52fHZOQuuZg/oiu8y7zDCVwD0iHhew6MnThjHmevanpxL3f5ci2TtHQEN6bw=="
      },
      "Microsoft.Extensions.Caching.Abstractions": {
        "type": "Transitive",
        "resolved": "9.0.5",
        "contentHash": "RV6wOTvH5BeVRs6cvxFuaV1ut05Dklpvq19XRO1JxAayfLWYIEP7K94aamY0iSUhoehWk1X5H6gMcbZkHuBjew==",
        "dependencies": {
          "Microsoft.Extensions.Primitives": "9.0.5"
        }
      },
      "Microsoft.Extensions.Caching.Memory": {
        "type": "Transitive",
        "resolved": "9.0.5",
        "contentHash": "qDmoAzIUBup5KZG1Abv51ifbHMCWFnaXbt05l+Sd92mLOpF9OwHOuoxu3XhzXaPGfq0Ns3pv1df5l8zuKjFgGw==",
        "dependencies": {
          "Microsoft.Extensions.Caching.Abstractions": "9.0.5",
          "Microsoft.Extensions.DependencyInjection.Abstractions": "9.0.5",
          "Microsoft.Extensions.Logging.Abstractions": "9.0.5",
          "Microsoft.Extensions.Options": "9.0.5",
          "Microsoft.Extensions.Primitives": "9.0.5"
        }
      },
      "Microsoft.Extensions.Configuration.Abstractions": {
        "type": "Transitive",
        "resolved": "9.0.5",
        "contentHash": "ew0G6gIznnyAkbIa67wXspkDFcVektjN3xaDAfBDIPbWph+rbuGaaohFxUSGw28ht7wdcWtTtElKnzfkcDDbOQ==",
        "dependencies": {
          "Microsoft.Extensions.Primitives": "9.0.5"
        }
      },
      "Microsoft.Extensions.DependencyInjection": {
        "type": "Transitive",
        "resolved": "9.0.5",
        "contentHash": "N1Mn0T/tUBPoLL+Fzsp+VCEtneUhhxc1//Dx3BeuQ8AX+XrMlYCfnp2zgpEXnTCB7053CLdiqVWPZ7mEX6MPjg==",
        "dependencies": {
          "Microsoft.Extensions.DependencyInjection.Abstractions": "9.0.5"
        }
      },
      "Microsoft.Extensions.DependencyInjection.Abstractions": {
        "type": "Transitive",
        "resolved": "9.0.5",
        "contentHash": "cjnRtsEAzU73aN6W7vkWy8Phj5t3Xm78HSqgrbh/O4Q9SK/yN73wZVa21QQY6amSLQRQ/M8N+koGnY6PuvKQsw=="
      },
      "Microsoft.Extensions.Logging": {
        "type": "Transitive",
        "resolved": "9.0.5",
        "contentHash": "rQU61lrgvpE/UgcAd4E56HPxUIkX/VUQCxWmwDTLLVeuwRDYTL0q/FLGfAW17cGTKyCh7ywYAEnY3sTEvURsfg==",
        "dependencies": {
          "Microsoft.Extensions.DependencyInjection": "9.0.5",
          "Microsoft.Extensions.Logging.Abstractions": "9.0.5",
          "Microsoft.Extensions.Options": "9.0.5"
        }
      },
      "Microsoft.Extensions.Logging.Abstractions": {
        "type": "Transitive",
        "resolved": "9.0.5",
        "contentHash": "pP1PADCrIxMYJXxFmTVbAgEU7GVpjK5i0/tyfU9DiE0oXQy3JWQaOVgCkrCiePLgS8b5sghM3Fau3EeHiVWbCg==",
        "dependencies": {
          "Microsoft.Extensions.DependencyInjection.Abstractions": "9.0.5",
          "System.Diagnostics.DiagnosticSource": "9.0.5"
        }
      },
      "Microsoft.Extensions.Options": {
        "type": "Transitive",
        "resolved": "9.0.5",
        "contentHash": "vPdJQU8YLOUSSK8NL0RmwcXJr2E0w8xH559PGQl4JYsglgilZr9LZnqV2zdgk+XR05+kuvhBEZKoDVd46o7NqA==",
        "dependencies": {
          "Microsoft.Extensions.DependencyInjection.Abstractions": "9.0.5",
          "Microsoft.Extensions.Primitives": "9.0.5"
        }
      },
      "Microsoft.Extensions.Primitives": {
        "type": "Transitive",
        "resolved": "9.0.5",
        "contentHash": "b4OAv1qE1C9aM+ShWJu3rlo/WjDwa/I30aIPXqDWSKXTtKl1Wwh6BZn+glH5HndGVVn3C6ZAPQj5nv7/7HJNBQ=="
      },
      "Microsoft.OpenApi": {
        "type": "Transitive",
        "resolved": "1.6.22",
        "contentHash": "aBvunmrdu/x+4CaA/UP1Jx4xWGwk4kymhoIRnn2Vp+zi5/KOPQJ9EkSXHRUr01WcGKtYl3Au7XfkPJbU1G2sjQ=="
      },
      "PPWCode.Vernacular.Exceptions.IV": {
        "type": "Transitive",
        "resolved": "1.2.0",
        "contentHash": "hWD5pr+4qtnAJHjTqxBPX2wT6WO8e9wMqudXYPlDGveDk9Mk2+DyZaz+DDs810hV3Fhfz7pXhS5H7WTcMI6zrg=="
      },
      "Swashbuckle.AspNetCore.Swagger": {
        "type": "Transitive",
        "resolved": "7.3.2",
        "contentHash": "39Z2N3cLHDcDinu2IW5IaQO9wGPKTbc+vKbjIT/6gN3jFYypWY5U3O8i7Y9rmYDgxkm6niICnkcFZ3hEvikIHA==",
        "dependencies": {
          "Microsoft.OpenApi": "1.6.22"
        }
      },
      "Swashbuckle.AspNetCore.SwaggerGen": {
        "type": "Transitive",
        "resolved": "7.3.2",
        "contentHash": "x5famjpcgazpT/8eEIlpSYSTZDq6ojMARhuJgj6O67Uk+Yb1DdDM5yikdL7GK1pMk5rYBETUCRWYP6rp+vHnlA==",
        "dependencies": {
          "Swashbuckle.AspNetCore.Swagger": "7.3.2"
        }
      },
      "Swashbuckle.AspNetCore.SwaggerUI": {
        "type": "Transitive",
        "resolved": "7.3.2",
        "contentHash": "SNQuFjYin9KhkoCSVOD5/Y4VEyAjKBDeZkIqqY6x+oI21HMKzzVkeJA9V7tWFXf5df4m/+pTIlbKO7g5W9UroQ=="
      },
      "System.Diagnostics.DiagnosticSource": {
        "type": "Transitive",
        "resolved": "9.0.5",
        "contentHash": "WoI5or8kY2VxFdDmsaRZ5yaYvvb+4MCyy66eXo79Cy1uMa7qXeGIlYmZx7R9Zy5S4xZjmqvkk2V8L6/vDwAAEA=="
      },
      "ppwcode.aspnetcore.server.i": {
        "type": "Project",
        "dependencies": {
          "Microsoft.AspNetCore.Mvc.Versioning": "[5.1.0, )",
          "PPWCode.Vernacular.Contracts.I": "[1.*, )",
          "PPWCode.Vernacular.Exceptions.V": "[0.0.9, )",
          "PPWCode.Vernacular.Persistence.V": "[0.0.9, )"
        }
      },
      "ppwcode.util.authorisation.i": {
        "type": "Project",
        "dependencies": {
          "PPWCode.Vernacular.Contracts.I": "[1.*, )"
        }
      },
      "ppwcode.util.time.i": {
        "type": "Project",
        "dependencies": {
          "PPWCode.Vernacular.Contracts.I": "[1.*, )",
          "PPWCode.Vernacular.Semantics.V": "[0.0.9, )"
        }
      },
      "ppwcode.vernacular.exceptions.v": {
        "type": "Project",
        "dependencies": {
          "PPWCode.Vernacular.Contracts.I": "[1.*, )"
        }
      },
      "ppwcode.vernacular.persistence.v": {
        "type": "Project",
        "dependencies": {
          "PPWCode.Vernacular.Contracts.I": "[1.*, )",
          "PPWCode.Vernacular.Exceptions.V": "[0.0.9, )",
          "PPWCode.Vernacular.Semantics.V": "[0.0.9, )"
        }
      },
      "ppwcode.vernacular.requestcontext.i": {
        "type": "Project",
        "dependencies": {
          "PPWCode.Util.Authorisation.I": "[0.0.9, )",
          "PPWCode.Util.Time.I": "[0.0.9, )",
          "PPWCode.Vernacular.Contracts.I": "[1.*, )"
        }
      },
      "ppwcode.vernacular.semantics.v": {
        "type": "Project",
        "dependencies": {
          "PPWCode.Vernacular.Contracts.I": "[1.*, )",
          "PPWCode.Vernacular.Exceptions.V": "[0.0.9, )"
        }
      }
    }
  }
}