{
  "version": 1,
  "dependencies": {
    "net8.0": {
      "PPWCode.Vernacular.Contracts.I": {
        "type": "Direct",
        "requested": "[1.*, )",
        "resolved": "1.5.0",
        "contentHash": "Hv7hjZ+RXEnVkAZEdwlAW5QbT0Hvh+pCusaiQT5bRD93Z58OuMHH6Q48TizzufF6+DRm9rJdnufIcOWWvKLKaw=="
      },
      "StyleCop.Analyzers": {
        "type": "Direct",
        "requested": "[1.1.118, )",
        "resolved": "1.1.118",
        "contentHash": "Onx6ovGSqXSK07n/0eM3ZusiNdB6cIlJdabQhWGgJp3Vooy9AaLS/tigeybOJAobqbtggTamoWndz72JscZBvw=="
      },
      "ppwcode.util.authorisation.i": {
        "type": "Project",
        "dependencies": {
          "PPWCode.Vernacular.Contracts.I": "[1.*, )"
        }
      },
      "ppwcode.util.time.i": {
        "type": "Project",
        "dependencies": {
          "PPWCode.Vernacular.Contracts.I": "[1.*, )",
          "PPWCode.Vernacular.Semantics.V": "[0.0.9, )"
        }
      },
      "ppwcode.vernacular.exceptions.v": {
        "type": "Project",
        "dependencies": {
          "PPWCode.Vernacular.Contracts.I": "[1.*, )"
        }
      },
      "ppwcode.vernacular.semantics.v": {
        "type": "Project",
        "dependencies": {
          "PPWCode.Vernacular.Contracts.I": "[1.*, )",
          "PPWCode.Vernacular.Exceptions.V": "[0.0.9, )"
        }
      }
    }
  }
}