{
  "version": 1,
  "dependencies": {
    "net8.0": {
      "JUnitTestLogger": {
        "type": "Direct",
        "requested": "[1.*, )",
        "resolved": "1.1.0",
        "contentHash": "5nIxpRXczNH2To76s/AxmgiXrfMeebLx10R8edNO4w5UNo2diCUf0kQn0qC5+WPnONCjmtzyFrHolK+b7aBemQ==",
        "dependencies": {
          "Microsoft.TestPlatform.ObjectModel": "15.5.0"
        }
      },
      "Microsoft.NET.Test.Sdk": {
        "type": "Direct",
        "requested": "[17.*, )",
        "resolved": "17.11.0",
        "contentHash": "fH7P0LihMXgnlNLtrXGetHd30aQcD+YrSbWXbCPBnrypdRApPgNqd/TgncTlSVY1bbLYdnvpBgts2dcnK37GzA==",
        "dependencies": {
          "Microsoft.CodeCoverage": "17.11.0",
          "Microsoft.TestPlatform.TestHost": "17.11.0"
        }
      },
      "NUnit": {
        "type": "Direct",
        "requested": "[4.*, )",
        "resolved": "4.2.2",
        "contentHash": "mon0OPko28yZ/foVXrhiUvq1LReaGsBdziumyyYGxV/pOE4q92fuYeN+AF+gEU5pCjzykcdBt5l7xobTaiBjsg=="
      },
      "NUnit3TestAdapter": {
        "type": "Direct",
        "requested": "[4.*, )",
        "resolved": "4.6.0",
        "contentHash": "R7e1+a4vuV/YS+ItfL7f//rG+JBvVeVLX4mHzFEZo4W1qEKl8Zz27AqvQSAqo+BtIzUCo4aAJMYa56VXS4hudw=="
      },
      "NunitXml.TestLogger": {
        "type": "Direct",
        "requested": "[3.*, )",
        "resolved": "3.1.20",
        "contentHash": "Pd9EYPNsQGaKYW+F+l7vTuvDjp8tzTYLqqfLM1Sz5WwLHhvnaJArQZjw/93WF3i07Rxb50WFVu0kjrjKCVFHDg=="
      },
      "StyleCop.Analyzers": {
        "type": "Direct",
        "requested": "[1.1.118, )",
        "resolved": "1.1.118",
        "contentHash": "Onx6ovGSqXSK07n/0eM3ZusiNdB6cIlJdabQhWGgJp3Vooy9AaLS/tigeybOJAobqbtggTamoWndz72JscZBvw=="
      },
      "Microsoft.CodeCoverage": {
        "type": "Transitive",
        "resolved": "17.11.0",
        "contentHash": "QKcOSuw7MZG4XiQ+pCj+Ib6amOwoRDEO7e3DbxqXeOPXSnfyGXYoZQI8I140s1mKQVn1Vh+c5WlKvCvlgMovpg=="
      },
      "Microsoft.TestPlatform.ObjectModel": {
        "type": "Transitive",
        "resolved": "17.11.0",
        "contentHash": "PU+CC1yRzbR0IllrtdILaeep7WP5OIrvmWrvCMqG3jB1h4F6Ur7CYHl6ENbDVXPzEvygXh0GWbTyrbjfvgTpAg==",
        "dependencies": {
          "System.Reflection.Metadata": "1.6.0"
        }
      },
      "Microsoft.TestPlatform.TestHost": {
        "type": "Transitive",
        "resolved": "17.11.0",
        "contentHash": "KMzJO3dm3+9W8JRQ3IDviu0v7uXP5Lgii6TuxMc5m8ynaqcGnn7Y18cMb5AsP2xp59uUHO474WZrssxBdb8ZxQ==",
        "dependencies": {
          "Microsoft.TestPlatform.ObjectModel": "17.11.0",
          "Newtonsoft.Json": "13.0.1"
        }
      },
      "Newtonsoft.Json": {
        "type": "Transitive",
        "resolved": "13.0.1",
        "contentHash": "ppPFpBcvxdsfUonNcvITKqLl3bqxWbDCZIzDWHzjpdAHRFfZe0Dw9HmA0+za13IdyrgJwpkDTDA9fHaxOrt20A=="
      },
      "System.Reflection.Metadata": {
        "type": "Transitive",
        "resolved": "1.6.0",
        "contentHash": "COC1aiAJjCoA5GBF+QKL2uLqEBew4JsCkQmoHKbN3TlOZKa2fKLz5CpiRQKDz0RsAOEGsVKqOD5bomsXq/4STQ=="
      }
    }
  }
}