{
  "version": 1,
  "dependencies": {
    "net8.0": {
      "PPWCode.Vernacular.Contracts.I": {
        "type": "Direct",
        "requested": "[1.1.0, )",
        "resolved": "1.1.0",
        "contentHash": "AFTNMX3h7gu52ptvQQ5//2aPq7868rlQ1gPl03gitcDCJcCcTaT8sfG1TxXG9wIfO3nqO3enLxhzDbDLCXC8Kg==",
        "dependencies": {
          "JetBrains.Annotations": "2022.3.1",
          "PPWCode.Vernacular.Exceptions.IV": "1.1.0"
        }
      },
      "StyleCop.Analyzers": {
        "type": "Direct",
        "requested": "[1.1.118, )",
        "resolved": "1.1.118",
        "contentHash": "Onx6ovGSqXSK07n/0eM3ZusiNdB6cIlJdabQhWGgJp3Vooy9AaLS/tigeybOJAobqbtggTamoWndz72JscZBvw=="
      },
      "JetBrains.Annotations": {
        "type": "Transitive",
        "resolved": "2022.3.1",
        "contentHash": "11nsS3+lFICGkztVs9PP2NRItxf9fF+qD6xEW/T0YGto52zj07wseUeBdMAU1ah9HNVTDZyRC1u4NWdtJScwhw=="
      },
      "PPWCode.Vernacular.Exceptions.IV": {
        "type": "Transitive",
        "resolved": "1.1.0",
        "contentHash": "rj9+WoWdvJjOT9auGGk+WYz2gSwNSGuVLrUv0UdghcgGX10cYdoiZG5Ad9pzIukrdCRqQBayMI4OI/xbiXEbJw=="
      },
      "ppwcode.util.time.i": {
        "type": "Project",
        "dependencies": {
          "PPWCode.Vernacular.Semantics.V": "[0.0.9, )"
        }
      },
      "ppwcode.vernacular.exceptions.v": {
        "type": "Project"
      },
      "ppwcode.vernacular.persistence.v": {
        "type": "Project",
        "dependencies": {
          "PPWCode.Vernacular.Exceptions.V": "[0.0.9, )",
          "PPWCode.Vernacular.Semantics.V": "[0.0.9, )"
        }
      },
      "ppwcode.vernacular.requestcontext.i": {
        "type": "Project",
        "dependencies": {
          "PPWCode.Util.Time.I": "[0.0.9, )"
        }
      },
      "ppwcode.vernacular.semantics.v": {
        "type": "Project",
        "dependencies": {
          "PPWCode.Vernacular.Exceptions.V": "[0.0.9, )"
        }
      }
    }
  }
}