{
  "version": 1,
  "dependencies": {
    "net8.0": {
      "Microsoft.AspNetCore.Mvc.Versioning": {
        "type": "Direct",
        "requested": "[5.1.0, )",
        "resolved": "5.1.0",
        "contentHash": "UX8w9BlCiZpr6Ox4YAve1w0CkI1CAovukGNzKd7v0+5pZc8lzuG5tRovucr1RWIKHs0E/Yx8563CN7KzaB3bpw=="
      },
      "PPWCode.Vernacular.Contracts.I": {
        "type": "Direct",
        "requested": "[1.*, )",
        "resolved": "1.2.0",
        "contentHash": "lSc82pJXbsXuqPt/5YsHdS6gdHtcnhryWKvFC+2YIs+6ILH5lkuavrBLVWGDYVALmaDTba96T3YlylZaYhnzIw==",
        "dependencies": {
          "PPWCode.Vernacular.Exceptions.IV": "1.2.0"
        }
      },
      "StyleCop.Analyzers": {
        "type": "Direct",
        "requested": "[1.1.118, )",
        "resolved": "1.1.118",
        "contentHash": "Onx6ovGSqXSK07n/0eM3ZusiNdB6cIlJdabQhWGgJp3Vooy9AaLS/tigeybOJAobqbtggTamoWndz72JscZBvw=="
      },
      "PPWCode.Vernacular.Exceptions.IV": {
        "type": "Transitive",
        "resolved": "1.2.0",
        "contentHash": "hWD5pr+4qtnAJHjTqxBPX2wT6WO8e9wMqudXYPlDGveDk9Mk2+DyZaz+DDs810hV3Fhfz7pXhS5H7WTcMI6zrg=="
      },
      "ppwcode.vernacular.exceptions.v": {
        "type": "Project",
        "dependencies": {
          "PPWCode.Vernacular.Contracts.I": "[1.*, )"
        }
      },
      "ppwcode.vernacular.persistence.v": {
        "type": "Project",
        "dependencies": {
          "PPWCode.Vernacular.Contracts.I": "[1.*, )",
          "PPWCode.Vernacular.Exceptions.V": "[0.0.9, )",
          "PPWCode.Vernacular.Semantics.V": "[0.0.9, )"
        }
      },
      "ppwcode.vernacular.semantics.v": {
        "type": "Project",
        "dependencies": {
          "PPWCode.Vernacular.Contracts.I": "[1.*, )",
          "PPWCode.Vernacular.Exceptions.V": "[0.0.9, )"
        }
      }
    }
  }
}