{
  "version": 1,
  "dependencies": {
    "net8.0": {
      "Asp.Versioning.Mvc": {
        "type": "Direct",
        "requested": "[8.*, )",
        "resolved": "8.1.0",
        "contentHash": "BMAJM2sGsTUw5FQ9upKQt6GFoldWksePgGpYjl56WSRvIuE3UxKZh0gAL+wDTIfLshUZm97VCVxlOGyrcjWz9Q==",
        "dependencies": {
          "Asp.Versioning.Http": "8.1.0"
        }
      },
      "PPWCode.Vernacular.Contracts.I": {
        "type": "Direct",
        "requested": "[1.*, )",
        "resolved": "1.2.0",
        "contentHash": "lSc82pJXbsXuqPt/5YsHdS6gdHtcnhryWKvFC+2YIs+6ILH5lkuavrBLVWGDYVALmaDTba96T3YlylZaYhnzIw==",
        "dependencies": {
          "PPWCode.Vernacular.Exceptions.IV": "1.2.0"
        }
      },
      "StyleCop.Analyzers": {
        "type": "Direct",
        "requested": "[1.1.118, )",
        "resolved": "1.1.118",
        "contentHash": "Onx6ovGSqXSK07n/0eM3ZusiNdB6cIlJdabQhWGgJp3Vooy9AaLS/tigeybOJAobqbtggTamoWndz72JscZBvw=="
      },
      "Asp.Versioning.Abstractions": {
        "type": "Transitive",
        "resolved": "8.1.0",
        "contentHash": "mpeNZyMdvrHztJwR1sXIUQ+3iioEU97YMBnFA9WLbsPOYhGwDJnqJMmEd8ny7kcmS9OjTHoEuX/bSXXY3brIFA==",
        "dependencies": {
          "Microsoft.Extensions.Primitives": "8.0.0"
        }
      },
      "Asp.Versioning.Http": {
        "type": "Transitive",
        "resolved": "8.1.0",
        "contentHash": "Xu4xF62Cu9JqYi/CTa2TiK5kyHoa4EluPynj/bPFWDmlTIPzuJQbBI5RgFYVRFHjFVvWMoA77acRaFu7i7Wzqg==",
        "dependencies": {
          "Asp.Versioning.Abstractions": "8.1.0"
        }
      },
      "Microsoft.Extensions.Primitives": {
        "type": "Transitive",
        "resolved": "8.0.0",
        "contentHash": "bXJEZrW9ny8vjMF1JV253WeLhpEVzFo1lyaZu1vQ4ZxWUlVvknZ/+ftFgVheLubb4eZPSwwxBeqS1JkCOjxd8g=="
      },
      "PPWCode.Vernacular.Exceptions.IV": {
        "type": "Transitive",
        "resolved": "1.2.0",
        "contentHash": "hWD5pr+4qtnAJHjTqxBPX2wT6WO8e9wMqudXYPlDGveDk9Mk2+DyZaz+DDs810hV3Fhfz7pXhS5H7WTcMI6zrg=="
      },
      "ppwcode.vernacular.exceptions.v": {
        "type": "Project",
        "dependencies": {
          "PPWCode.Vernacular.Contracts.I": "[1.*, )"
        }
      },
      "ppwcode.vernacular.persistence.v": {
        "type": "Project",
        "dependencies": {
          "PPWCode.Vernacular.Contracts.I": "[1.*, )",
          "PPWCode.Vernacular.Exceptions.V": "[0.0.9, )",
          "PPWCode.Vernacular.Semantics.V": "[0.0.9, )"
        }
      },
      "ppwcode.vernacular.semantics.v": {
        "type": "Project",
        "dependencies": {
          "PPWCode.Vernacular.Contracts.I": "[1.*, )",
          "PPWCode.Vernacular.Exceptions.V": "[0.0.9, )"
        }
      }
    }
  }
}